<?xml version="1.0" encoding="utf-8"?>
<Project ToolsVersion="4.0" xmlns="http://schemas.microsoft.com/developer/msbuild/2003">
  <ItemGroup>
    <Filter Include="Source Files">
      <UniqueIdentifier>{7d8b53dd-33d5-4e3e-9e07-f2a392fe36b0}</UniqueIdentifier>
      <Extensions>cpp;c;cc;cxx</Extensions>
    </Filter>
    <Filter Include="Source Files\Enemies">
      <UniqueIdentifier>{7d8b53dd-33d5-4e3e-9e07-f2a392fe36b1}</UniqueIdentifier>
      <Extensions>cpp;c;cc;cxx</Extensions>
    </Filter>
    <Filter Include="Header Files">
      <UniqueIdentifier>{7d8b53dd-33d5-4e3e-9e07-f2a392fe36b2}</UniqueIdentifier>
      <Extensions>h;hpp;hxx</Extensions>
    </Filter>
    <Filter Include="Header Files\Enemies">
      <UniqueIdentifier>{7d8b53dd-33d5-4e3e-9e07-f2a392fe36b3}</UniqueIdentifier>
      <Extensions>h;hpp;hxx</Extensions>
    </Filter>
    <Filter Include="Assets">
      <UniqueIdentifier>{7d8b53dd-33d5-4e3e-9e07-f2a392fe36b4}</UniqueIdentifier>
      <Extensions>png;jpg;mp3;ogg;ttf</Extensions>
    </Filter>
  </ItemGroup>
  <ItemGroup>
    <ClCompile Include="src\AssetManager.cpp">
      <Filter>Source Files</Filter>
    </ClCompile>
    <ClCompile Include="src\Bullet.cpp">
      <Filter>Source Files</Filter>
    </ClCompile>
    <ClCompile Include="src\Entity.cpp">
      <Filter>Source Files</Filter>
    </ClCompile>
    <ClCompile Include="src\Game.cpp">
      <Filter>Source Files</Filter>
    </ClCompile>
    <ClCompile Include="src\HUD.cpp">
      <Filter>Source Files</Filter>
    </ClCompile>
    <ClCompile Include="src\LevelConfig.cpp">
      <Filter>Source Files</Filter>
    </ClCompile>
    <ClCompile Include="src\Particle.cpp">
      <Filter>Source Files</Filter>
    </ClCompile>
    <ClCompile Include="src\Player.cpp">
      <Filter>Source Files</Filter>
    </ClCompile>
    <ClCompile Include="src\PowerUp.cpp">
      <Filter>Source Files</Filter>
    </ClCompile>
    <ClCompile Include="src\Starfield.cpp">
      <Filter>Source Files</Filter>
    </ClCompile>
    <ClCompile Include="src\enemies\BossEnemy.cpp">
      <Filter>Source Files\Enemies</Filter>
    </ClCompile>
    <ClCompile Include="src\enemies\Enemy.cpp">
      <Filter>Source Files\Enemies</Filter>
    </ClCompile>
    <ClCompile Include="src\enemies\FastEnemy.cpp">
      <Filter>Source Files\Enemies</Filter>
    </ClCompile>
    <ClCompile Include="src\enemies\NormalEnemy.cpp">
      <Filter>Source Files\Enemies</Filter>
    </ClCompile>
    <ClCompile Include="src\enemies\SpinnerEnemy.cpp">
      <Filter>Source Files\Enemies</Filter>
    </ClCompile>
    <ClCompile Include="src\enemies\TankEnemy.cpp">
      <Filter>Source Files\Enemies</Filter>
    </ClCompile>
    <ClCompile Include="src\main.cpp">
      <Filter>Source Files</Filter>
    </ClCompile>
    <ClCompile Include="src\SoundManager.cpp">
      <Filter>Source Files</Filter>
    </ClCompile>
  </ItemGroup>
  <ItemGroup>
    <ClInclude Include="include\AssetManager.hpp">
      <Filter>Header Files</Filter>
    </ClInclude>
    <ClInclude Include="include\Bullet.hpp">
      <Filter>Header Files</Filter>
    </ClInclude>
    <ClInclude Include="include\Constants.hpp">
      <Filter>Header Files</Filter>
    </ClInclude>
    <ClInclude Include="include\Entity.hpp">
      <Filter>Header Files</Filter>
    </ClInclude>
    <ClInclude Include="include\Game.hpp">
      <Filter>Header Files</Filter>
    </ClInclude>
    <ClInclude Include="include\HUD.hpp">
      <Filter>Header Files</Filter>
    </ClInclude>
    <ClInclude Include="include\LevelConfig.hpp">
      <Filter>Header Files</Filter>
    </ClInclude>
    <ClInclude Include="include\Particle.hpp">
      <Filter>Header Files</Filter>
    </ClInclude>
    <ClInclude Include="include\Player.hpp">
      <Filter>Header Files</Filter>
    </ClInclude>
    <ClInclude Include="include\PowerUp.hpp">
      <Filter>Header Files</Filter>
    </ClInclude>
    <ClInclude Include="include\Starfield.hpp">
      <Filter>Header Files</Filter>
    </ClInclude>
    <ClInclude Include="include\enemies\BossEnemy.hpp">
      <Filter>Header Files\Enemies</Filter>
    </ClInclude>
    <ClInclude Include="include\enemies\Enemy.hpp">
      <Filter>Header Files\Enemies</Filter>
    </ClInclude>
    <ClInclude Include="include\enemies\FastEnemy.hpp">
      <Filter>Header Files\Enemies</Filter>
    </ClInclude>
    <ClInclude Include="include\enemies\NormalEnemy.hpp">
      <Filter>Header Files\Enemies</Filter>
    </ClInclude>
    <ClInclude Include="include\enemies\SpinnerEnemy.hpp">
      <Filter>Header Files\Enemies</Filter>
    </ClInclude>
    <ClInclude Include="include\enemies\TankEnemy.hpp">
      <Filter>Header Files\Enemies</Filter>
    </ClInclude>
    <ClInclude Include="include\SoundManager.hpp">
      <Filter>Header Files</Filter>
    </ClInclude>
  </ItemGroup>
  <ItemGroup>
    <Image Include="assets\boss_chicken.png">
      <Filter>Assets</Filter>
    </Image>
    <Image Include="assets\bullet_enemy.png">
      <Filter>Assets</Filter>
    </Image>
    <Image Include="assets\bullet_player.png">
      <Filter>Assets</Filter>
    </Image>
    <Image Include="assets\enemy_chicken.png">
      <Filter>Assets</Filter>
    </Image>
    <Image Include="assets\enemy_fast.png">
      <Filter>Assets</Filter>
    </Image>
    <Image Include="assets\enemy_spinner.png">
      <Filter>Assets</Filter>
    </Image>
    <Image Include="assets\enemy_tank.png">
      <Filter>Assets</Filter>
    </Image>
    <Image Include="assets\player_ship.png">
      <Filter>Assets</Filter>
    </Image>
    <Image Include="assets\power_bomb.png">
      <Filter>Assets</Filter>
    </Image>
    <Image Include="assets\power_life.png">
      <Filter>Assets</Filter>
    </Image>
    <Image Include="assets\power_multishot.png">
      <Filter>Assets</Filter>
    </Image>
    <Image Include="assets\star.png">
      <Filter>Assets</Filter>
    </Image>
    <Image Include="assets\heart.png">
      <Filter>Assets</Filter>
    </Image>
  </ItemGroup>
</Project>